PODS:
  - Apollo (0.9.5):
    - Apollo/Core (= 0.9.5)
  - Apollo/Core (0.9.5)

DEPENDENCIES:
  - Apollo (from `https://github.com/apollographql/apollo-ios.git`)

EXTERNAL SOURCES:
  Apollo:
    :git: https://github.com/apollographql/apollo-ios.git

CHECKOUT OPTIONS:
  Apollo:
    :commit: cf2c6199f84ed62dbd5e801d7520918e4da9143e
    :git: https://github.com/apollographql/apollo-ios.git

SPEC CHECKSUMS:
  Apollo: 19caf3246d292bbb69ecad1bd098661f78222aba

PODFILE CHECKSUM: 75c64b3fe318d77b87f68e35d5bac86d249a43dd

COCOAPODS: 1.6.1
