PODS:
  - Apollo (0.10.0):
    - Apollo/Core (= 0.10.0)
  - Apollo/Core (0.10.0)
  - Emoji-swift (0.3.0)
  - SkeletonView (1.4.2)

DEPENDENCIES:
  - Apollo
  - Emoji-swift
  - SkeletonView

SPEC REPOS:
  https://github.com/cocoapods/specs.git:
    - Apollo
    - Emoji-swift
    - SkeletonView

SPEC CHECKSUMS:
  Apollo: aa9b870203900b9526332ea3d12c37b4dc6ce1b9
  Emoji-swift: 3f07baeecbeb1490193299f993890020aae8c413
  SkeletonView: c2523c3c8c6510e273e49a3bf364a434744c3914

PODFILE CHECKSUM: da474c9419a393bc8c171e9d9c89dc226dc865d5

COCOAPODS: 1.6.1
