PODS:
  - Apollo (0.9.5):
    - Apollo/Core (= 0.9.5)
  - Apollo/Core (0.9.5)
  - Emoji-swift (0.3.0)
  - SkeletonView (1.4.2)

DEPENDENCIES:
  - Apollo (from `https://github.com/apollographql/apollo-ios.git`)
  - Emoji-swift
  - SkeletonView

SPEC REPOS:
  https://github.com/cocoapods/specs.git:
    - Emoji-swift
    - SkeletonView

EXTERNAL SOURCES:
  Apollo:
    :git: https://github.com/apollographql/apollo-ios.git

CHECKOUT OPTIONS:
  Apollo:
    :commit: cf2c6199f84ed62dbd5e801d7520918e4da9143e
    :git: https://github.com/apollographql/apollo-ios.git

SPEC CHECKSUMS:
  Apollo: 19caf3246d292bbb69ecad1bd098661f78222aba
  Emoji-swift: 3f07baeecbeb1490193299f993890020aae8c413
  SkeletonView: c2523c3c8c6510e273e49a3bf364a434744c3914

PODFILE CHECKSUM: 8d5eb82ad48b5d4e23f80c54c2f89377cd7ed75d

COCOAPODS: 1.6.1
